
Microsoft Visual Studio Solution File, Format Version 12.00
# Visual Studio 15
VisualStudioVersion = 15.0.27703.2026
MinimumVisualStudioVersion = 10.0.40219.1
Project("{8BC9CEB8-8B4A-11D0-8D11-00A0C91BC942}") = "BotQ", "BotQ\BotQ.vcxproj", "{34640006-C774-4506-9195-DAE37E0339E7}"
EndProject
Project("{8BC9CEB8-8B4A-11D0-8D11-00A0C91BC942}") = "BotQEngine", "BotQEngine\BotQEngine.vcxproj", "{FAFF638C-07E1-4482-89C6-0D335ECE9CAD}"
EndProject
Project("{8BC9CEB8-8B4A-11D0-8D11-00A0C91BC942}") = "BotQSystemTools", "BotQSystemTools\BotQSystemTools.vcxproj", "{E14F9642-0F16-4EE1-9D5E-355D217D3601}"
EndProject
Project("{8BC9CEB8-8B4A-11D0-8D11-00A0C91BC942}") = "BulletPhysics", "BulletPhysics\BulletPhysics.vcxproj", "{5D01C370-2342-4E5B-9A82-9E7F7D43FF1A}"
EndProject
Project("{8BC9CEB8-8B4A-11D0-8D11-00A0C91BC942}") = "BotQGraphics", "BotQGraphics\BotQGraphics.vcxproj", "{341CE871-DFDE-41F3-8453-292FFADE6838}"
EndProject
Project("{8BC9CEB8-8B4A-11D0-8D11-00A0C91BC942}") = "zlib_static", "zlib_static\zlib_static.vcxproj", "{2DB74202-936D-4F53-92DE-3C99AC2A3185}"
EndProject
Project("{8BC9CEB8-8B4A-11D0-8D11-00A0C91BC942}") = "BotQServer", "BotQServer\BotQServer.vcxproj", "{1331927E-3DC7-4BE1-AA99-4568309777EB}"
EndProject
Project("{8BC9CEB8-8B4A-11D0-8D11-00A0C91BC942}") = "objtoc", "objtoc\objtoc.vcxproj", "{2C600746-F547-42C4-901A-34DEBF2EDF38}"
EndProject
Global
	GlobalSection(SolutionConfigurationPlatforms) = preSolution
		Debug|x64 = Debug|x64
		Debug|x86 = Debug|x86
		Release|x64 = Release|x64
		Release|x86 = Release|x86
	EndGlobalSection
	GlobalSection(ProjectConfigurationPlatforms) = postSolution
		{34640006-C774-4506-9195-DAE37E0339E7}.Debug|x64.ActiveCfg = Debug|x64
		{34640006-C774-4506-9195-DAE37E0339E7}.Debug|x64.Build.0 = Debug|x64
		{34640006-C774-4506-9195-DAE37E0339E7}.Debug|x86.ActiveCfg = Debug|Win32
		{34640006-C774-4506-9195-DAE37E0339E7}.Debug|x86.Build.0 = Debug|Win32
		{34640006-C774-4506-9195-DAE37E0339E7}.Release|x64.ActiveCfg = Release|x64
		{34640006-C774-4506-9195-DAE37E0339E7}.Release|x64.Build.0 = Release|x64
		{34640006-C774-4506-9195-DAE37E0339E7}.Release|x86.ActiveCfg = Release|Win32
		{34640006-C774-4506-9195-DAE37E0339E7}.Release|x86.Build.0 = Release|Win32
		{FAFF638C-07E1-4482-89C6-0D335ECE9CAD}.Debug|x64.ActiveCfg = Debug|x64
		{FAFF638C-07E1-4482-89C6-0D335ECE9CAD}.Debug|x64.Build.0 = Debug|x64
		{FAFF638C-07E1-4482-89C6-0D335ECE9CAD}.Debug|x86.ActiveCfg = Debug|Win32
		{FAFF638C-07E1-4482-89C6-0D335ECE9CAD}.Debug|x86.Build.0 = Debug|Win32
		{FAFF638C-07E1-4482-89C6-0D335ECE9CAD}.Release|x64.ActiveCfg = Release|x64
		{FAFF638C-07E1-4482-89C6-0D335ECE9CAD}.Release|x64.Build.0 = Release|x64
		{FAFF638C-07E1-4482-89C6-0D335ECE9CAD}.Release|x86.ActiveCfg = Release|Win32
		{FAFF638C-07E1-4482-89C6-0D335ECE9CAD}.Release|x86.Build.0 = Release|Win32
		{E14F9642-0F16-4EE1-9D5E-355D217D3601}.Debug|x64.ActiveCfg = Debug|x64
		{E14F9642-0F16-4EE1-9D5E-355D217D3601}.Debug|x64.Build.0 = Debug|x64
		{E14F9642-0F16-4EE1-9D5E-355D217D3601}.Debug|x86.ActiveCfg = Debug|Win32
		{E14F9642-0F16-4EE1-9D5E-355D217D3601}.Debug|x86.Build.0 = Debug|Win32
		{E14F9642-0F16-4EE1-9D5E-355D217D3601}.Release|x64.ActiveCfg = Release|x64
		{E14F9642-0F16-4EE1-9D5E-355D217D3601}.Release|x64.Build.0 = Release|x64
		{E14F9642-0F16-4EE1-9D5E-355D217D3601}.Release|x86.ActiveCfg = Release|Win32
		{E14F9642-0F16-4EE1-9D5E-355D217D3601}.Release|x86.Build.0 = Release|Win32
		{5D01C370-2342-4E5B-9A82-9E7F7D43FF1A}.Debug|x64.ActiveCfg = Debug|x64
		{5D01C370-2342-4E5B-9A82-9E7F7D43FF1A}.Debug|x64.Build.0 = Debug|x64
		{5D01C370-2342-4E5B-9A82-9E7F7D43FF1A}.Debug|x86.ActiveCfg = Debug|Win32
		{5D01C370-2342-4E5B-9A82-9E7F7D43FF1A}.Debug|x86.Build.0 = Debug|Win32
		{5D01C370-2342-4E5B-9A82-9E7F7D43FF1A}.Release|x64.ActiveCfg = Release|x64
		{5D01C370-2342-4E5B-9A82-9E7F7D43FF1A}.Release|x64.Build.0 = Release|x64
		{5D01C370-2342-4E5B-9A82-9E7F7D43FF1A}.Release|x86.ActiveCfg = Release|Win32
		{5D01C370-2342-4E5B-9A82-9E7F7D43FF1A}.Release|x86.Build.0 = Release|Win32
		{341CE871-DFDE-41F3-8453-292FFADE6838}.Debug|x64.ActiveCfg = Debug|x64
		{341CE871-DFDE-41F3-8453-292FFADE6838}.Debug|x64.Build.0 = Debug|x64
		{341CE871-DFDE-41F3-8453-292FFADE6838}.Debug|x86.ActiveCfg = Debug|Win32
		{341CE871-DFDE-41F3-8453-292FFADE6838}.Debug|x86.Build.0 = Debug|Win32
		{341CE871-DFDE-41F3-8453-292FFADE6838}.Release|x64.ActiveCfg = Release|x64
		{341CE871-DFDE-41F3-8453-292FFADE6838}.Release|x64.Build.0 = Release|x64
		{341CE871-DFDE-41F3-8453-292FFADE6838}.Release|x86.ActiveCfg = Release|Win32
		{341CE871-DFDE-41F3-8453-292FFADE6838}.Release|x86.Build.0 = Release|Win32
		{2DB74202-936D-4F53-92DE-3C99AC2A3185}.Debug|x64.ActiveCfg = Debug|x64
		{2DB74202-936D-4F53-92DE-3C99AC2A3185}.Debug|x64.Build.0 = Debug|x64
		{2DB74202-936D-4F53-92DE-3C99AC2A3185}.Debug|x86.ActiveCfg = Debug|Win32
		{2DB74202-936D-4F53-92DE-3C99AC2A3185}.Debug|x86.Build.0 = Debug|Win32
		{2DB74202-936D-4F53-92DE-3C99AC2A3185}.Release|x64.ActiveCfg = Release|x64
		{2DB74202-936D-4F53-92DE-3C99AC2A3185}.Release|x64.Build.0 = Release|x64
		{2DB74202-936D-4F53-92DE-3C99AC2A3185}.Release|x86.ActiveCfg = Release|Win32
		{2DB74202-936D-4F53-92DE-3C99AC2A3185}.Release|x86.Build.0 = Release|Win32
		{1331927E-3DC7-4BE1-AA99-4568309777EB}.Debug|x64.ActiveCfg = Debug|x64
		{1331927E-3DC7-4BE1-AA99-4568309777EB}.Debug|x64.Build.0 = Debug|x64
		{1331927E-3DC7-4BE1-AA99-4568309777EB}.Debug|x86.ActiveCfg = Debug|Win32
		{1331927E-3DC7-4BE1-AA99-4568309777EB}.Debug|x86.Build.0 = Debug|Win32
		{1331927E-3DC7-4BE1-AA99-4568309777EB}.Release|x64.ActiveCfg = Release|x64
		{1331927E-3DC7-4BE1-AA99-4568309777EB}.Release|x64.Build.0 = Release|x64
		{1331927E-3DC7-4BE1-AA99-4568309777EB}.Release|x86.ActiveCfg = Release|Win32
		{1331927E-3DC7-4BE1-AA99-4568309777EB}.Release|x86.Build.0 = Release|Win32
		{2C600746-F547-42C4-901A-34DEBF2EDF38}.Debug|x64.ActiveCfg = Debug|x64
		{2C600746-F547-42C4-901A-34DEBF2EDF38}.Debug|x64.Build.0 = Debug|x64
		{2C600746-F547-42C4-901A-34DEBF2EDF38}.Debug|x86.ActiveCfg = Debug|Win32
		{2C600746-F547-42C4-901A-34DEBF2EDF38}.Debug|x86.Build.0 = Debug|Win32
		{2C600746-F547-42C4-901A-34DEBF2EDF38}.Release|x64.ActiveCfg = Release|x64
		{2C600746-F547-42C4-901A-34DEBF2EDF38}.Release|x64.Build.0 = Release|x64
		{2C600746-F547-42C4-901A-34DEBF2EDF38}.Release|x86.ActiveCfg = Release|Win32
		{2C600746-F547-42C4-901A-34DEBF2EDF38}.Release|x86.Build.0 = Release|Win32
	EndGlobalSection
	GlobalSection(SolutionProperties) = preSolution
		HideSolutionNode = FALSE
	EndGlobalSection
	GlobalSection(ExtensibilityGlobals) = postSolution
		SolutionGuid = {74A9DC4E-CAB3-4976-B598-A816828744D3}
	EndGlobalSection
EndGlobal
