<?xml version="1.0" encoding="utf-8"?>
<Project ToolsVersion="4.0" xmlns="http://schemas.microsoft.com/developer/msbuild/2003">
  <ItemGroup>
    <Filter Include="Исходные файлы">
      <UniqueIdentifier>{4FC737F1-C7A5-4376-A066-2A32D752A2FF}</UniqueIdentifier>
      <Extensions>cpp;c;cc;cxx;def;odl;idl;hpj;bat;asm;asmx</Extensions>
    </Filter>
    <Filter Include="Файлы заголовков">
      <UniqueIdentifier>{93995380-89BD-4b04-88EB-625FBE52EBFB}</UniqueIdentifier>
      <Extensions>h;hh;hpp;hxx;hm;inl;inc;ipp;xsd</Extensions>
    </Filter>
    <Filter Include="Файлы ресурсов">
      <UniqueIdentifier>{67DA6AB6-F800-4c08-8B7A-83BB121AAD01}</UniqueIdentifier>
      <Extensions>rc;ico;cur;bmp;dlg;rc2;rct;bin;rgs;gif;jpg;jpeg;jpe;resx;tiff;tif;png;wav;mfcribbon-ms</Extensions>
    </Filter>
  </ItemGroup>
  <ItemGroup>
    <ClCompile Include="Code\SharedInfo.cpp">
      <Filter>Исходные файлы</Filter>
    </ClCompile>
    <ClCompile Include="Code\Camera.cpp">
      <Filter>Исходные файлы</Filter>
    </ClCompile>
    <ClCompile Include="Code\Component.cpp">
      <Filter>Исходные файлы</Filter>
    </ClCompile>
    <ClCompile Include="Code\DigitalContainer.cpp">
      <Filter>Исходные файлы</Filter>
    </ClCompile>
    <ClCompile Include="Code\Display.cpp">
      <Filter>Исходные файлы</Filter>
    </ClCompile>
    <ClCompile Include="Code\Event.cpp">
      <Filter>Исходные файлы</Filter>
    </ClCompile>
    <ClCompile Include="Code\GameInstance.cpp">
      <Filter>Исходные файлы</Filter>
    </ClCompile>
    <ClCompile Include="Code\GameObject.cpp">
      <Filter>Исходные файлы</Filter>
    </ClCompile>
    <ClCompile Include="Code\GameObjectEvents.cpp">
      <Filter>Исходные файлы</Filter>
    </ClCompile>
    <ClCompile Include="Code\Input.cpp">
      <Filter>Исходные файлы</Filter>
    </ClCompile>
    <ClCompile Include="Code\IWindow.cpp">
      <Filter>Исходные файлы</Filter>
    </ClCompile>
    <ClCompile Include="Code\MeshImporter.cpp">
      <Filter>Исходные файлы</Filter>
    </ClCompile>
    <ClCompile Include="Code\MoveMaster.cpp">
      <Filter>Исходные файлы</Filter>
    </ClCompile>
    <ClCompile Include="Code\Resource.cpp">
      <Filter>Исходные файлы</Filter>
    </ClCompile>
    <ClCompile Include="Code\ResourceLoader.cpp">
      <Filter>Исходные файлы</Filter>
    </ClCompile>
    <ClCompile Include="Code\Sge2Common.cpp">
      <Filter>Исходные файлы</Filter>
    </ClCompile>
    <ClCompile Include="Code\Tools.cpp">
      <Filter>Исходные файлы</Filter>
    </ClCompile>
    <ClCompile Include="Code\PhysicsComponents\BoxCollider.cpp">
      <Filter>Исходные файлы</Filter>
    </ClCompile>
    <ClCompile Include="Code\PhysicsComponents\CarCollider.cpp">
      <Filter>Исходные файлы</Filter>
    </ClCompile>
    <ClCompile Include="Code\PhysicsComponents\Collider.cpp">
      <Filter>Исходные файлы</Filter>
    </ClCompile>
    <ClCompile Include="Code\PhysicsComponents\Physics.cpp">
      <Filter>Исходные файлы</Filter>
    </ClCompile>
    <ClCompile Include="Code\PhysicsComponents\RigidBody.cpp">
      <Filter>Исходные файлы</Filter>
    </ClCompile>
    <ClCompile Include="Code\PhysicsComponents\SphereCollider.cpp">
      <Filter>Исходные файлы</Filter>
    </ClCompile>
    <ClCompile Include="Code\PhysicsComponents\TrianglesCollider.cpp">
      <Filter>Исходные файлы</Filter>
    </ClCompile>
    <ClCompile Include="Code\Math\Rectangle.cpp">
      <Filter>Исходные файлы</Filter>
    </ClCompile>
    <ClCompile Include="Code\Common\Log.cpp">
      <Filter>Исходные файлы</Filter>
    </ClCompile>
    <ClCompile Include="Code\Common\OsInformation.cpp">
      <Filter>Исходные файлы</Filter>
    </ClCompile>
    <ClCompile Include="Code\Common\PathHelper.cpp">
      <Filter>Исходные файлы</Filter>
    </ClCompile>
    <ClCompile Include="Code\Common\String.cpp">
      <Filter>Исходные файлы</Filter>
    </ClCompile>
    <ClCompile Include="Code\Common\TinyFile.cpp">
      <Filter>Исходные файлы</Filter>
    </ClCompile>
    <ClCompile Include="Code\Common\TypedObject.cpp">
      <Filter>Исходные файлы</Filter>
    </ClCompile>
    <ClCompile Include="Code\Bits\BitImpl.cpp">
      <Filter>Исходные файлы</Filter>
    </ClCompile>
    <ClCompile Include="Code\Time.cpp">
      <Filter>Исходные файлы</Filter>
    </ClCompile>
    <ClCompile Include="Code\Graphics\Bitmap.cpp">
      <Filter>Исходные файлы</Filter>
    </ClCompile>
    <ClCompile Include="Code\Graphics\Bitmap9Path.cpp">
      <Filter>Исходные файлы</Filter>
    </ClCompile>
    <ClCompile Include="Code\Graphics\Texture.cpp">
      <Filter>Исходные файлы</Filter>
    </ClCompile>
    <ClCompile Include="Code\Gui\Control.cpp">
      <Filter>Исходные файлы</Filter>
    </ClCompile>
    <ClCompile Include="Code\Gui\GuiInstance.cpp">
      <Filter>Исходные файлы</Filter>
    </ClCompile>
    <ClCompile Include="Code\Graphics\Font.cpp">
      <Filter>Исходные файлы</Filter>
    </ClCompile>
    <ClCompile Include="Code\Gui\GuiRenderData.cpp">
      <Filter>Исходные файлы</Filter>
    </ClCompile>
    <ClCompile Include="Code\Gui\Box.cpp">
      <Filter>Исходные файлы</Filter>
    </ClCompile>
    <ClCompile Include="Code\Gui\Button.cpp">
      <Filter>Исходные файлы</Filter>
    </ClCompile>
    <ClCompile Include="Code\Gui\HScrollBox.cpp">
      <Filter>Исходные файлы</Filter>
    </ClCompile>
    <ClCompile Include="Code\Gui\ImageCanvas.cpp">
      <Filter>Исходные файлы</Filter>
    </ClCompile>
    <ClCompile Include="Code\Gui\Label.cpp">
      <Filter>Исходные файлы</Filter>
    </ClCompile>
    <ClCompile Include="Code\Gui\CheckBox.cpp">
      <Filter>Исходные файлы</Filter>
    </ClCompile>
    <ClCompile Include="Code\Common\Exception.cpp">
      <Filter>Исходные файлы</Filter>
    </ClCompile>
    <ClCompile Include="Code\Common\File.cpp">
      <Filter>Исходные файлы</Filter>
    </ClCompile>
    <ClCompile Include="Code\Network\tinyfsssocket.cpp">
      <Filter>Исходные файлы</Filter>
    </ClCompile>
    <ClCompile Include="Code\Network\tinyrpc.cpp">
      <Filter>Исходные файлы</Filter>
    </ClCompile>
    <ClCompile Include="Code\Network\tinysocket.cpp">
      <Filter>Исходные файлы</Filter>
    </ClCompile>
    <ClCompile Include="Code\Network\Network.cpp">
      <Filter>Исходные файлы</Filter>
    </ClCompile>
    <ClCompile Include="Code\Network\NetworkEntityBase.cpp">
      <Filter>Исходные файлы</Filter>
    </ClCompile>
    <ClCompile Include="Code\Level.cpp">
      <Filter>Исходные файлы</Filter>
    </ClCompile>
    <ClCompile Include="Code\Network\LocalHostCaster.cpp">
      <Filter>Исходные файлы</Filter>
    </ClCompile>
    <ClCompile Include="Code\Bits\TiXml\tinystr.cpp">
      <Filter>Исходные файлы</Filter>
    </ClCompile>
    <ClCompile Include="Code\Bits\TiXml\tinyxml.cpp">
      <Filter>Исходные файлы</Filter>
    </ClCompile>
    <ClCompile Include="Code\Bits\TiXml\tinyxmlerror.cpp">
      <Filter>Исходные файлы</Filter>
    </ClCompile>
    <ClCompile Include="Code\Bits\TiXml\tinyxmlparser.cpp">
      <Filter>Исходные файлы</Filter>
    </ClCompile>
    <ClCompile Include="Code\Math\Math.cpp">
      <Filter>Исходные файлы</Filter>
    </ClCompile>
    <ClCompile Include="Code\PhysicsComponents\CharacterController.cpp">
      <Filter>Исходные файлы</Filter>
    </ClCompile>
    <ClCompile Include="Code\Audio\AudioSource.cpp">
      <Filter>Исходные файлы</Filter>
    </ClCompile>
    <ClCompile Include="Code\Audio\AudioInstance.cpp">
      <Filter>Исходные файлы</Filter>
    </ClCompile>
    <ClCompile Include="Code\CommandQueue.cpp">
      <Filter>Исходные файлы</Filter>
    </ClCompile>
  </ItemGroup>
  <ItemGroup>
    <ClInclude Include="Code\Camera.h">
      <Filter>Файлы заголовков</Filter>
    </ClInclude>
    <ClInclude Include="Code\Component.h">
      <Filter>Файлы заголовков</Filter>
    </ClInclude>
    <ClInclude Include="Code\Core.h">
      <Filter>Файлы заголовков</Filter>
    </ClInclude>
    <ClInclude Include="Code\DigitalContainer.h">
      <Filter>Файлы заголовков</Filter>
    </ClInclude>
    <ClInclude Include="Code\Display.h">
      <Filter>Файлы заголовков</Filter>
    </ClInclude>
    <ClInclude Include="Code\Event.h">
      <Filter>Файлы заголовков</Filter>
    </ClInclude>
    <ClInclude Include="Code\GameInstance.h">
      <Filter>Файлы заголовков</Filter>
    </ClInclude>
    <ClInclude Include="Code\GameObject.h">
      <Filter>Файлы заголовков</Filter>
    </ClInclude>
    <ClInclude Include="Code\GameObjectEvents.h">
      <Filter>Файлы заголовков</Filter>
    </ClInclude>
    <ClInclude Include="Code\Input.h">
      <Filter>Файлы заголовков</Filter>
    </ClInclude>
    <ClInclude Include="Code\InputKeys.h">
      <Filter>Файлы заголовков</Filter>
    </ClInclude>
    <ClInclude Include="Code\IWindow.h">
      <Filter>Файлы заголовков</Filter>
    </ClInclude>
    <ClInclude Include="Code\Level.h">
      <Filter>Файлы заголовков</Filter>
    </ClInclude>
    <ClInclude Include="Code\MeshImporter.h">
      <Filter>Файлы заголовков</Filter>
    </ClInclude>
    <ClInclude Include="Code\ModelDump.h">
      <Filter>Файлы заголовков</Filter>
    </ClInclude>
    <ClInclude Include="Code\MoveMaster.h">
      <Filter>Файлы заголовков</Filter>
    </ClInclude>
    <ClInclude Include="Code\Resource.h">
      <Filter>Файлы заголовков</Filter>
    </ClInclude>
    <ClInclude Include="Code\ResourceLoader.h">
      <Filter>Файлы заголовков</Filter>
    </ClInclude>
    <ClInclude Include="Code\Sge2Common.h">
      <Filter>Файлы заголовков</Filter>
    </ClInclude>
    <ClInclude Include="Code\Stream.h">
      <Filter>Файлы заголовков</Filter>
    </ClInclude>
    <ClInclude Include="Code\Tools.h">
      <Filter>Файлы заголовков</Filter>
    </ClInclude>
    <ClInclude Include="Code\PhysicsComponents\BoxCollider.h">
      <Filter>Файлы заголовков</Filter>
    </ClInclude>
    <ClInclude Include="Code\PhysicsComponents\CarCollider.h">
      <Filter>Файлы заголовков</Filter>
    </ClInclude>
    <ClInclude Include="Code\PhysicsComponents\Collider.h">
      <Filter>Файлы заголовков</Filter>
    </ClInclude>
    <ClInclude Include="Code\PhysicsComponents\Physics.h">
      <Filter>Файлы заголовков</Filter>
    </ClInclude>
    <ClInclude Include="Code\PhysicsComponents\RigidBody.h">
      <Filter>Файлы заголовков</Filter>
    </ClInclude>
    <ClInclude Include="Code\PhysicsComponents\SphereCollider.h">
      <Filter>Файлы заголовков</Filter>
    </ClInclude>
    <ClInclude Include="Code\PhysicsComponents\TrianglesCollider.h">
      <Filter>Файлы заголовков</Filter>
    </ClInclude>
    <ClInclude Include="Code\PhysicsComponents\Detail\BtDetail.h">
      <Filter>Файлы заголовков</Filter>
    </ClInclude>
    <ClInclude Include="Code\Math\Vector4.h">
      <Filter>Файлы заголовков</Filter>
    </ClInclude>
    <ClInclude Include="Code\Math\BBox3.h">
      <Filter>Файлы заголовков</Filter>
    </ClInclude>
    <ClInclude Include="Code\Math\Color.h">
      <Filter>Файлы заголовков</Filter>
    </ClInclude>
    <ClInclude Include="Code\Math\Color4f.h">
      <Filter>Файлы заголовков</Filter>
    </ClInclude>
    <ClInclude Include="Code\Math\Math.h">
      <Filter>Файлы заголовков</Filter>
    </ClInclude>
    <ClInclude Include="Code\Math\Matrix4.h">
      <Filter>Файлы заголовков</Filter>
    </ClInclude>
    <ClInclude Include="Code\Math\PointAndSize.h">
      <Filter>Файлы заголовков</Filter>
    </ClInclude>
    <ClInclude Include="Code\Math\Quaternion.h">
      <Filter>Файлы заголовков</Filter>
    </ClInclude>
    <ClInclude Include="Code\Math\Rectangle.h">
      <Filter>Файлы заголовков</Filter>
    </ClInclude>
    <ClInclude Include="Code\Math\Vector2.h">
      <Filter>Файлы заголовков</Filter>
    </ClInclude>
    <ClInclude Include="Code\Math\Vector3.h">
      <Filter>Файлы заголовков</Filter>
    </ClInclude>
    <ClInclude Include="Code\Common\Assert.h">
      <Filter>Файлы заголовков</Filter>
    </ClInclude>
    <ClInclude Include="Code\Common\DataVector.h">
      <Filter>Файлы заголовков</Filter>
    </ClInclude>
    <ClInclude Include="Code\Common\Defines.h">
      <Filter>Файлы заголовков</Filter>
    </ClInclude>
    <ClInclude Include="Code\Common\DynamicArray.h">
      <Filter>Файлы заголовков</Filter>
    </ClInclude>
    <ClInclude Include="Code\Common\Guard.h">
      <Filter>Файлы заголовков</Filter>
    </ClInclude>
    <ClInclude Include="Code\Common\Log.h">
      <Filter>Файлы заголовков</Filter>
    </ClInclude>
    <ClInclude Include="Code\Common\OsInformation.h">
      <Filter>Файлы заголовков</Filter>
    </ClInclude>
    <ClInclude Include="Code\Common\PathHelper.h">
      <Filter>Файлы заголовков</Filter>
    </ClInclude>
    <ClInclude Include="Code\Common\Ref.h">
      <Filter>Файлы заголовков</Filter>
    </ClInclude>
    <ClInclude Include="Code\Common\StorageFunction.h">
      <Filter>Файлы заголовков</Filter>
    </ClInclude>
    <ClInclude Include="Code\Common\String.h">
      <Filter>Файлы заголовков</Filter>
    </ClInclude>
    <ClInclude Include="Code\Common\TinyFile.h">
      <Filter>Файлы заголовков</Filter>
    </ClInclude>
    <ClInclude Include="Code\Common\TypedObject.h">
      <Filter>Файлы заголовков</Filter>
    </ClInclude>
    <ClInclude Include="Code\Common\Utf8.h">
      <Filter>Файлы заголовков</Filter>
    </ClInclude>
    <ClInclude Include="Code\Common\Wrong.h">
      <Filter>Файлы заголовков</Filter>
    </ClInclude>
    <ClInclude Include="Code\Bits\stb_image.h">
      <Filter>Файлы заголовков</Filter>
    </ClInclude>
    <ClInclude Include="Code\Bits\stb_truetype.h">
      <Filter>Файлы заголовков</Filter>
    </ClInclude>
    <ClInclude Include="Code\Time.hpp">
      <Filter>Файлы заголовков</Filter>
    </ClInclude>
    <ClInclude Include="Code\Graphics\Bitmap.h">
      <Filter>Файлы заголовков</Filter>
    </ClInclude>
    <ClInclude Include="Code\Graphics\Bitmap9Path.h">
      <Filter>Файлы заголовков</Filter>
    </ClInclude>
    <ClInclude Include="Code\Graphics\Texture.h">
      <Filter>Файлы заголовков</Filter>
    </ClInclude>
    <ClInclude Include="Code\Gui\Control.h">
      <Filter>Файлы заголовков</Filter>
    </ClInclude>
    <ClInclude Include="Code\Gui\GuiInstance.h">
      <Filter>Файлы заголовков</Filter>
    </ClInclude>
    <ClInclude Include="Code\Graphics\Font.h">
      <Filter>Файлы заголовков</Filter>
    </ClInclude>
    <ClInclude Include="Code\Gui\GuiRenderData.h">
      <Filter>Файлы заголовков</Filter>
    </ClInclude>
    <ClInclude Include="Code\Gui\CheckBox.h">
      <Filter>Файлы заголовков</Filter>
    </ClInclude>
    <ClInclude Include="Code\Gui\Box.h">
      <Filter>Файлы заголовков</Filter>
    </ClInclude>
    <ClInclude Include="Code\Gui\Button.h">
      <Filter>Файлы заголовков</Filter>
    </ClInclude>
    <ClInclude Include="Code\Gui\HScrollBox.h">
      <Filter>Файлы заголовков</Filter>
    </ClInclude>
    <ClInclude Include="Code\Gui\ImageCanvas.h">
      <Filter>Файлы заголовков</Filter>
    </ClInclude>
    <ClInclude Include="Code\Gui\Label.h">
      <Filter>Файлы заголовков</Filter>
    </ClInclude>
    <ClInclude Include="Code\Gui\Gui.h">
      <Filter>Файлы заголовков</Filter>
    </ClInclude>
    <ClInclude Include="Code\Gui\HSlider.h">
      <Filter>Файлы заголовков</Filter>
    </ClInclude>
    <ClInclude Include="Code\Common\Format.h">
      <Filter>Файлы заголовков</Filter>
    </ClInclude>
    <ClInclude Include="Code\Common\Exception.h">
      <Filter>Файлы заголовков</Filter>
    </ClInclude>
    <ClInclude Include="Code\Common\File.h">
      <Filter>Файлы заголовков</Filter>
    </ClInclude>
    <ClInclude Include="Code\Network\tinybinarystream.h">
      <Filter>Файлы заголовков</Filter>
    </ClInclude>
    <ClInclude Include="Code\Network\tinyfsssocket.h">
      <Filter>Файлы заголовков</Filter>
    </ClInclude>
    <ClInclude Include="Code\Network\tinyrpc.h">
      <Filter>Файлы заголовков</Filter>
    </ClInclude>
    <ClInclude Include="Code\Network\tinysocket.h">
      <Filter>Файлы заголовков</Filter>
    </ClInclude>
    <ClInclude Include="Code\Network\Network.h">
      <Filter>Файлы заголовков</Filter>
    </ClInclude>
    <ClInclude Include="Code\Network\NetworkEntityBase.h">
      <Filter>Файлы заголовков</Filter>
    </ClInclude>
    <ClInclude Include="Code\Network\LocalHostCaster.h">
      <Filter>Файлы заголовков</Filter>
    </ClInclude>
    <ClInclude Include="Code\Bits\TiXml\tinystr.h">
      <Filter>Файлы заголовков</Filter>
    </ClInclude>
    <ClInclude Include="Code\Bits\TiXml\tinyxml.h">
      <Filter>Файлы заголовков</Filter>
    </ClInclude>
    <ClInclude Include="Code\PhysicsComponents\CharacterController.h">
      <Filter>Файлы заголовков</Filter>
    </ClInclude>
    <ClInclude Include="Code\Audio\AudioSource.h">
      <Filter>Файлы заголовков</Filter>
    </ClInclude>
    <ClInclude Include="Code\Audio\AudioInstance.h">
      <Filter>Файлы заголовков</Filter>
    </ClInclude>
    <ClInclude Include="Code\CommandQueue.h">
      <Filter>Файлы заголовков</Filter>
    </ClInclude>
  </ItemGroup>
  <ItemGroup>
    <None Include="Code\Network\tinyclient_crc32.inl">
      <Filter>Файлы заголовков</Filter>
    </None>
    <None Include="Code\Network\tinysocket_parser.inl">
      <Filter>Файлы заголовков</Filter>
    </None>
  </ItemGroup>
</Project>